
Microsoft Visual Studio Solution File, Format Version 12.00
# Visual Studio Version 17
VisualStudioVersion = 17.9.34622.214
MinimumVisualStudioVersion = 10.0.40219.1
Project("{FAE04EC0-301F-11D3-BF4B-00C04F79EFBC}") = "Social Bookmarking Platform", "Social Bookmarking Platform\Social Bookmarking Platform.csproj", "{0FC5157B-EB74-4737-8479-73675F85F025}"
EndProject
Global
	GlobalSection(SolutionConfigurationPlatforms) = preSolution
		Debug|Any CPU = Debug|Any CPU
		Release|Any CPU = Release|Any CPU
	EndGlobalSection
	GlobalSection(ProjectConfigurationPlatforms) = postSolution
		{0FC5157B-EB74-4737-8479-73675F85F025}.Debug|Any CPU.ActiveCfg = Debug|Any CPU
		{0FC5157B-EB74-4737-8479-73675F85F025}.Debug|Any CPU.Build.0 = Debug|Any CPU
		{0FC5157B-EB74-4737-8479-73675F85F025}.Release|Any CPU.ActiveCfg = Release|Any CPU
		{0FC5157B-EB74-4737-8479-73675F85F025}.Release|Any CPU.Build.0 = Release|Any CPU
	EndGlobalSection
	GlobalSection(SolutionProperties) = preSolution
		HideSolutionNode = FALSE
	EndGlobalSection
	GlobalSection(ExtensibilityGlobals) = postSolution
		SolutionGuid = {8EE3DC88-0567-4796-BC2C-F32E131D7109}
	EndGlobalSection
EndGlobal
